
Microsoft Visual Studio Solution File, Format Version 12.00
# Visual Studio Version 17
VisualStudioVersion = 17.5.33627.172
MinimumVisualStudioVersion = 10.0.40219.1
Project("{9A19103F-16F7-4668-BE54-9A1E7A4F7556}") = "Xbl.Client", "..\Xbl\Xbl.Client\Xbl.Client.csproj", "{76C7D369-587D-4F8A-A221-9EC0AA8FDDCF}"
EndProject
Project("{FAE04EC0-301F-11D3-BF4B-00C04F79EFBC}") = "Xbl.Xbox360", "..\Xbl\Xbl.Xbox360\Xbl.Xbox360.csproj", "{DF696B06-DBA0-4B4F-AF89-542A9CC0EF15}"
EndProject
Project("{FAE04EC0-301F-11D3-BF4B-00C04F79EFBC}") = "Xbl.Client.Tests", "..\Xbl\Xbl.Client.Tests\Xbl.Client.Tests.csproj", "{F3541738-89B2-4C0E-8949-B284A72FF585}"
EndProject
Project("{FAE04EC0-301F-11D3-BF4B-00C04F79EFBC}") = "Xbl.Data", "..\Xbl\Xbl.Data\Xbl.Data.csproj", "{01BF94A8-AF08-374E-9F54-70EE93E36584}"
EndProject
Project("{FAE04EC0-301F-11D3-BF4B-00C04F79EFBC}") = "Xbl.Data.Tests", "..\Xbl\Xbl.Data.Tests\Xbl.Data.Tests.csproj", "{5764706F-5FF4-EF6A-C1A5-B6D6BC5C2A7F}"
EndProject
Project("{FAE04EC0-301F-11D3-BF4B-00C04F79EFBC}") = "Xbl.Admin", "..\Xbl\Xbl.Admin\Xbl.Admin.csproj", "{A7FE969A-5E15-3C05-D60D-D5BC627005A5}"
EndProject
Project("{FAE04EC0-301F-11D3-BF4B-00C04F79EFBC}") = "Xbl.Web", "Xbl.Web\Xbl.Web.csproj", "{272D5419-70C6-4E8B-ACE4-07331005B469}"
EndProject
Project("{2150E333-8FDC-42A3-9474-1A3956D46DE8}") = "Xbl", "Xbl", "{02EA681E-C7D8-13C7-8484-4AC65E1B71E8}"
EndProject
Project("{FAE04EC0-301F-11D3-BF4B-00C04F79EFBC}") = "Xbl.Web.Shared", "Xbl.Web.Shared\Xbl.Web.Shared.csproj", "{37F39AD5-4851-3E7C-4D19-6DB7D99B8600}"
EndProject
Project("{2150E333-8FDC-42A3-9474-1A3956D46DE8}") = "devops", "devops", "{6929E195-1537-4C3C-887B-AECFD6612662}"
	ProjectSection(SolutionItems) = preProject
		azure-pipelines.yml = azure-pipelines.yml
	EndProjectSection
EndProject
Project("{FAE04EC0-301F-11D3-BF4B-00C04F79EFBC}") = "Xbl.Web.Update", "Xbl.Web.Update\Xbl.Web.Update.csproj", "{B92FFE6E-CF99-C327-C0EF-72E6ECA5D5CB}"
EndProject
Global
	GlobalSection(SolutionConfigurationPlatforms) = preSolution
		Debug|Any CPU = Debug|Any CPU
		Release|Any CPU = Release|Any CPU
	EndGlobalSection
	GlobalSection(ProjectConfigurationPlatforms) = postSolution
		{76C7D369-587D-4F8A-A221-9EC0AA8FDDCF}.Debug|Any CPU.ActiveCfg = Debug|Any CPU
		{76C7D369-587D-4F8A-A221-9EC0AA8FDDCF}.Debug|Any CPU.Build.0 = Debug|Any CPU
		{76C7D369-587D-4F8A-A221-9EC0AA8FDDCF}.Release|Any CPU.ActiveCfg = Release|Any CPU
		{76C7D369-587D-4F8A-A221-9EC0AA8FDDCF}.Release|Any CPU.Build.0 = Release|Any CPU
		{DF696B06-DBA0-4B4F-AF89-542A9CC0EF15}.Debug|Any CPU.ActiveCfg = Debug|Any CPU
		{DF696B06-DBA0-4B4F-AF89-542A9CC0EF15}.Debug|Any CPU.Build.0 = Debug|Any CPU
		{DF696B06-DBA0-4B4F-AF89-542A9CC0EF15}.Release|Any CPU.ActiveCfg = Release|Any CPU
		{DF696B06-DBA0-4B4F-AF89-542A9CC0EF15}.Release|Any CPU.Build.0 = Release|Any CPU
		{F3541738-89B2-4C0E-8949-B284A72FF585}.Debug|Any CPU.ActiveCfg = Debug|Any CPU
		{F3541738-89B2-4C0E-8949-B284A72FF585}.Debug|Any CPU.Build.0 = Debug|Any CPU
		{F3541738-89B2-4C0E-8949-B284A72FF585}.Release|Any CPU.ActiveCfg = Release|Any CPU
		{F3541738-89B2-4C0E-8949-B284A72FF585}.Release|Any CPU.Build.0 = Release|Any CPU
		{01BF94A8-AF08-374E-9F54-70EE93E36584}.Debug|Any CPU.ActiveCfg = Debug|Any CPU
		{01BF94A8-AF08-374E-9F54-70EE93E36584}.Debug|Any CPU.Build.0 = Debug|Any CPU
		{01BF94A8-AF08-374E-9F54-70EE93E36584}.Release|Any CPU.ActiveCfg = Release|Any CPU
		{01BF94A8-AF08-374E-9F54-70EE93E36584}.Release|Any CPU.Build.0 = Release|Any CPU
		{5764706F-5FF4-EF6A-C1A5-B6D6BC5C2A7F}.Debug|Any CPU.ActiveCfg = Debug|Any CPU
		{5764706F-5FF4-EF6A-C1A5-B6D6BC5C2A7F}.Debug|Any CPU.Build.0 = Debug|Any CPU
		{5764706F-5FF4-EF6A-C1A5-B6D6BC5C2A7F}.Release|Any CPU.ActiveCfg = Release|Any CPU
		{5764706F-5FF4-EF6A-C1A5-B6D6BC5C2A7F}.Release|Any CPU.Build.0 = Release|Any CPU
		{A7FE969A-5E15-3C05-D60D-D5BC627005A5}.Debug|Any CPU.ActiveCfg = Debug|Any CPU
		{A7FE969A-5E15-3C05-D60D-D5BC627005A5}.Debug|Any CPU.Build.0 = Debug|Any CPU
		{A7FE969A-5E15-3C05-D60D-D5BC627005A5}.Release|Any CPU.ActiveCfg = Release|Any CPU
		{A7FE969A-5E15-3C05-D60D-D5BC627005A5}.Release|Any CPU.Build.0 = Release|Any CPU
		{272D5419-70C6-4E8B-ACE4-07331005B469}.Debug|Any CPU.ActiveCfg = Debug|Any CPU
		{272D5419-70C6-4E8B-ACE4-07331005B469}.Debug|Any CPU.Build.0 = Debug|Any CPU
		{272D5419-70C6-4E8B-ACE4-07331005B469}.Release|Any CPU.ActiveCfg = Release|Any CPU
		{272D5419-70C6-4E8B-ACE4-07331005B469}.Release|Any CPU.Build.0 = Release|Any CPU
		{37F39AD5-4851-3E7C-4D19-6DB7D99B8600}.Debug|Any CPU.ActiveCfg = Debug|Any CPU
		{37F39AD5-4851-3E7C-4D19-6DB7D99B8600}.Debug|Any CPU.Build.0 = Debug|Any CPU
		{37F39AD5-4851-3E7C-4D19-6DB7D99B8600}.Release|Any CPU.ActiveCfg = Release|Any CPU
		{37F39AD5-4851-3E7C-4D19-6DB7D99B8600}.Release|Any CPU.Build.0 = Release|Any CPU
		{B92FFE6E-CF99-C327-C0EF-72E6ECA5D5CB}.Debug|Any CPU.ActiveCfg = Debug|Any CPU
		{B92FFE6E-CF99-C327-C0EF-72E6ECA5D5CB}.Debug|Any CPU.Build.0 = Debug|Any CPU
		{B92FFE6E-CF99-C327-C0EF-72E6ECA5D5CB}.Release|Any CPU.ActiveCfg = Release|Any CPU
		{B92FFE6E-CF99-C327-C0EF-72E6ECA5D5CB}.Release|Any CPU.Build.0 = Release|Any CPU
	EndGlobalSection
	GlobalSection(SolutionProperties) = preSolution
		HideSolutionNode = FALSE
	EndGlobalSection
	GlobalSection(NestedProjects) = preSolution
		{76C7D369-587D-4F8A-A221-9EC0AA8FDDCF} = {02EA681E-C7D8-13C7-8484-4AC65E1B71E8}
		{DF696B06-DBA0-4B4F-AF89-542A9CC0EF15} = {02EA681E-C7D8-13C7-8484-4AC65E1B71E8}
		{F3541738-89B2-4C0E-8949-B284A72FF585} = {02EA681E-C7D8-13C7-8484-4AC65E1B71E8}
		{01BF94A8-AF08-374E-9F54-70EE93E36584} = {02EA681E-C7D8-13C7-8484-4AC65E1B71E8}
		{5764706F-5FF4-EF6A-C1A5-B6D6BC5C2A7F} = {02EA681E-C7D8-13C7-8484-4AC65E1B71E8}
		{A7FE969A-5E15-3C05-D60D-D5BC627005A5} = {02EA681E-C7D8-13C7-8484-4AC65E1B71E8}
	EndGlobalSection
	GlobalSection(ExtensibilityGlobals) = postSolution
		SolutionGuid = {EC1BE1FE-D4FF-4850-8E5D-84C946D1DA82}
	EndGlobalSection
EndGlobal
